lockfileVersion: 5.4

specifiers:
  '@vuepress/client': 2.0.0-beta.61
  vue: ^3.2.47
  vuepress: 2.0.0-beta.61
  vuepress-plugin-redirect: 2.0.0-beta.190
  vuepress-plugin-search-pro: 2.0.0-beta.190
  vuepress-theme-hope: 2.0.0-beta.190

devDependencies:
  '@vuepress/client': 2.0.0-beta.61
  vue: 3.2.47
  vuepress: 2.0.0-beta.61_zcwlgd45apez724duilctoxt4u
  vuepress-plugin-redirect: 2.0.0-beta.190_44bug2q4gvgfsg4b36ccgweufe
  vuepress-plugin-search-pro: 2.0.0-beta.190_44bug2q4gvgfsg4b36ccgweufe
  vuepress-theme-hope: 2.0.0-beta.190_44bug2q4gvgfsg4b36ccgweufe

packages:

    dependencies:
      '@babel/core': 7.21.0
      '@babel/helper-annotate-as-pure': 7.18.6
      regexpu-core: 5.3.1
    dev: true

  /@babel/helper-define-polyfill-provider/0.3.3_@babel+core@7.21.0:
    resolution: {integrity: sha512-MxObHvNl4A69ofaTRU8DFqvgzzv8s9yRtaPPm5gud9HDNvpB3GPQFvNuTWAI59B9huVGV5jXYJwbCsmBsOGYWA==}
    dependencies:
      '@types/jsonfile': 6.1.1
      '@types/node': 18.14.6
    dev: true

  /@types/hash-sum/1.0.0:
  /@types/jsonfile/6.1.1:
    resolution: {integrity: sha512-GSgiRCVeapDN+3pqA35IkQwasaCh/0YFH5dEF6S88iDvEn901DjOeH3/QPY+XYP1DFzDZPvIvfeEgk+7br5png==}
    dependencies:
      '@types/node': 18.14.6
    dev: true

  /@types/katex/0.16.0:
    resolution: {integrity: sha512-w+tIMs3rq2afQdsPJlODhoUEKzFP1ayaoyl1CcnwtIlsVe7K7bA1NGm4s3PraqTLlXnbIN84zuBlxBWo1u9BLw==}
    dev: true

  /@types/node/18.14.6:
    resolution: {integrity: sha512-93+VvleD3mXwlLI/xASjw0FzKcwzl3OdTCzm1LaRfqgS21gfFtK3zDXM5Op9TeeMsJVOaJ2VRDpT9q4Y3d0AvA==}
    dev: true

  /@types/raphael/2.3.3:
  /@types/resolve/1.17.1:
    resolution: {integrity: sha512-yy7HuzQhj0dhGpD8RLXSZWEkLsV9ibvxvi6EiJ3bkqLAO1RGo0WbkWQiwpRlSFymTJRz0d3k5LM3kkx8ArDbLw==}
    dependencies:
      '@types/node': 18.14.6
    dev: true

  /@types/sax/1.2.4:
      '@vuepress/core': 2.0.0-beta.61
      '@vuepress/shared': 2.0.0-beta.61
      '@vuepress/utils': 2.0.0-beta.61
      autoprefixer: 10.4.13_postcss@8.4.21
      connect-history-api-fallback: 2.0.0
      postcss: 8.4.21
      postcss-load-config: 4.0.1_postcss@8.4.21
      rollup: 3.18.0
      vite: 4.1.4
      vue: 3.2.47
      vue-router: 4.1.6_vue@3.2.47
      '@vuepress/shared': 2.0.0-beta.61
      '@vuepress/utils': 2.0.0-beta.61
      '@vueuse/core': 9.13.0_vue@3.2.47
      sass: 1.58.3
      vue: 3.2.47
      vue-router: 4.1.6_vue@3.2.47
    transitivePeerDependencies:
    resolution: {integrity: sha512-8+9WqebbFzpX9OR+Wa6O29asIogeRMzcGtAINdpMHHyAg10f05aSFVBbcEqGf/PXw1EjAZ+q2/bEBg3DvurK3Q==}
    dev: true

  /artalk/2.4.4:
    resolution: {integrity: sha512-8O/FjQM+oFnfsfouuej2qjRNfV9/0JJR2jI9vS7neI8zTa4xqu0PChDIR0CtZG8ze0eOKI0taTlEFhmahJUJIQ==}
    dependencies:
      abortcontroller-polyfill: 1.7.5
      hanabi: 0.4.0
    engines: {node: '>= 4.0.0'}
    dev: true

  /autoprefixer/10.4.13_postcss@8.4.21:
    resolution: {integrity: sha512-49vKpMqcZYsJjwotvt4+h/BCjJVnhGwcLpDt5xkcaOG3eLrG/HUYLagrihYsQ+qrIBgIzX1Rw7a6L8I/ZA1Atg==}
    engines: {node: ^10 || ^12 || >=14}
    hasBin: true
    peerDependencies:
      postcss: ^8.1.0
    dependencies:
      browserslist: 4.21.5
      caniuse-lite: 1.0.30001462
      fraction.js: 4.2.0
      normalize-range: 0.1.2
      picocolors: 1.0.0
    dependencies:
      buffer: 6.0.3
      inherits: 2.0.4
      readable-stream: 3.6.1
    dev: true

  /boolbase/1.0.0:
    engines: {node: ^6 || ^7 || ^8 || ^9 || ^10 || ^11 || ^12 || >=13.7}
    hasBin: true
    dependencies:
      caniuse-lite: 1.0.30001462
      electron-to-chromium: 1.4.323
      node-releases: 2.0.10
      update-browserslist-db: 1.0.10_browserslist@4.21.5
    dev: true
    engines: {node: '>=6'}
    dev: true

  /caniuse-lite/1.0.30001462:
    resolution: {integrity: sha512-PDd20WuOBPiasZ7KbFnmQRyuLE7cFXW2PVd7dmALzbkUXEP46upAuCDm9eY9vho8fgNMGmbAX92QBZHzcnWIqw==}
    dev: true

  /chalk/2.4.2:
      jake: 10.8.5
    dev: true

  /electron-to-chromium/1.4.323:
    resolution: {integrity: sha512-+a0hMEQxE8u1F1vOHcE0M18kQ2+4AwOXdRrU4avZ1LeR/sa9WAallYE3uES/PNcEGt/wCFcOgWcArSLx5C+WNQ==}
    dev: true

  /elkjs/0.8.2:
    resolution: {integrity: sha512-XXOFtyqDjNDAQxVfYxuF7g9Il/IbWmmlQg2MYKOH8ExIT1qg6xc4zyS3HaEEATgs1btfzxq15ciUiY7gjSXRGQ==}
    dev: true

  /immutable/4.2.4:
    resolution: {integrity: sha512-WDxL3Hheb1JkRN3sQkyujNlL/xRjAo3rJtaU5xeufUauG66JdMr32bLj4gF+vWl84DIA3Zxw7tiAjneYzRRw+w==}
    dev: true

  /imsc/1.1.3:
    resolution: {integrity: sha512-KWYVV1c4i+jbMpaBC+U++4Va0cp8OisU185o73T1vo99hqi7w8tSJfUXYswwqqrjzwxa6KpRK54WhPvwf5w6PQ==}
    engines: {node: '>= 10.13.0'}
    dependencies:
      '@types/node': 18.14.6
      merge-stream: 2.0.0
      supports-color: 7.2.0
    dev: true
    engines: {node: '>=8.6'}
    dev: true

  /plyr/3.7.3:
    resolution: {integrity: sha512-ORULENBvEvvzMYXRQBALDmEi8P+wZt1Hr/NvHqchu/t7E2xJKNkRYWx0qCA1HETIGZ6zobrOVgqeAUqWimS7fQ==}
    dependencies:
      core-js: 3.29.0
      custom-event-polyfill: 1.0.7
      eve-raphael: 0.5.0
    dev: true

  /readable-stream/3.6.1:
    resolution: {integrity: sha512-+rQmrWMYGA90yenhTYsLWAsLsqVC8osOw6PKE1HDYiO0gdPeKe/xDHNzIAIn4C91YQ6oenEhfYqqc1883qHbjQ==}
    engines: {node: '>= 6'}
    dependencies:
      inherits: 2.0.4
      functions-have-names: 1.2.3
    dev: true

  /regexpu-core/5.3.1:
    resolution: {integrity: sha512-nCOzW2V/X15XpLsK2rlgdwrysrBq+AauCn+omItIz4R1pIcmeot5zvjdmOBRLzEH/CkC6IxMJVmxDe3QcMuNVQ==}
    engines: {node: '>=4'}
    dependencies:
      '@babel/regjsgen': 0.8.0
      jest-worker: 26.6.2
      rollup: 2.79.1
      serialize-javascript: 4.0.0
      terser: 5.16.5
    dev: true

  /rollup/2.79.1:
      fsevents: 2.3.2
    dev: true

  /rollup/3.18.0:
    resolution: {integrity: sha512-J8C6VfEBjkvYPESMQYxKHxNOh4A5a3FlP+0BETGo34HEcE4eTlgCrO2+eWzlu2a/sHs2QUkZco+wscH7jhhgWg==}
    engines: {node: '>=14.18.0', npm: '>=8.0.0'}
    hasBin: true
    optionalDependencies:
    resolution: {integrity: sha512-YZo3K82SD7Riyi0E1EQPojLz7kpepnSQI9IyPbHHg1XXXevb5dJI7tpyN2ADxGcQbHG7vcyRHk0cbwqcQriUtg==}
    dev: true

  /sass/1.58.3:
    resolution: {integrity: sha512-Q7RaEtYf6BflYrQ+buPudKR26/lH+10EmO9bBqbmPh/KeLqv8bjpTNqxe71ocONqXq+jYiCbpPUmQMS+JJPk4A==}
    engines: {node: '>=12.0.0'}
    hasBin: true
    dependencies:
      chokidar: 3.5.3
      immutable: 4.2.4
      source-map-js: 1.0.2
    dev: true

      unique-string: 2.0.0
    dev: true

  /terser/5.16.5:
    resolution: {integrity: sha512-qcwfg4+RZa3YvlFh0qjifnzBHjKGNbtDo9yivMqMFDy9Q6FSaQWSB/j1xKhsoUFJIqDOM3TsN6D5xbrMrFcHbg==}
    engines: {node: '>=10'}
    hasBin: true
    dependencies:
      esbuild: 0.16.17
      postcss: 8.4.21
      resolve: 1.22.1
      rollup: 3.18.0
    optionalDependencies:
      fsevents: 2.3.2
    dev: true
      '@vue/shared': 3.2.47
    dev: true

  /vuepress-plugin-auto-catalog/2.0.0-beta.190_44bug2q4gvgfsg4b36ccgweufe:
    resolution: {integrity: sha512-33s2uMlBWjTfvBDwlHOmwUkHdZwGwclSkRWPqfFATEdh/Oa+5ft8deormrVxMAqLXrKG/T6j4cV1WlMiy1ytOA==}
    engines: {node: ^14.18.0 || >=16.0.0, npm: '>=8', pnpm: '>=7'}
    peerDependencies:
      '@vuepress/client': 2.0.0-beta.61
      vue: 3.2.47
      vue-router: 4.1.6_vue@3.2.47
      vuepress: 2.0.0-beta.61_zcwlgd45apez724duilctoxt4u
      vuepress-plugin-components: 2.0.0-beta.190_44bug2q4gvgfsg4b36ccgweufe
      vuepress-plugin-sass-palette: 2.0.0-beta.190_44bug2q4gvgfsg4b36ccgweufe
      vuepress-shared: 2.0.0-beta.190_44bug2q4gvgfsg4b36ccgweufe
    transitivePeerDependencies:
      - '@vue/composition-api'
      - supports-color
    dev: true

  /vuepress-plugin-blog2/2.0.0-beta.190_44bug2q4gvgfsg4b36ccgweufe:
    resolution: {integrity: sha512-tczbJ1vOtwXqr7pkhitPuaMxIBbN1TyMBBkp/uuEUzuJLEReW/9kK9Vec42C1rU3P6BRgtN9cBjcsaH//j8hTA==}
    engines: {node: ^14.18.0 || >=16.0.0, npm: '>=8', pnpm: '>=7'}
    peerDependencies:
      '@vuepress/client': 2.0.0-beta.61
      vue: 3.2.47
      vue-router: 4.1.6_vue@3.2.47
      vuepress: 2.0.0-beta.61_zcwlgd45apez724duilctoxt4u
      vuepress-shared: 2.0.0-beta.190_44bug2q4gvgfsg4b36ccgweufe
    transitivePeerDependencies:
      - '@vue/composition-api'
      - supports-color
    dev: true

  /vuepress-plugin-comment2/2.0.0-beta.190_44bug2q4gvgfsg4b36ccgweufe:
    resolution: {integrity: sha512-YLaTuRsuKXjKhfb8iH5LRHSIkUMBzXhyZZ4KqFvz0ReKzj4ykfEYhzl/eZxvlxzQcPomOQUebmZS/nJBckjKog==}
    engines: {node: ^14.18.0 || >=16.0.0, npm: '>=8', pnpm: '>=7'}
    peerDependencies:
      '@vuepress/client': 2.0.0-beta.61
      '@vuepress/shared': 2.0.0-beta.61
      '@vuepress/utils': 2.0.0-beta.61
      '@waline/client': 2.14.8
      artalk: 2.4.4
      giscus: 1.2.8
      twikoo: 1.6.10
      vue: 3.2.47
      vue-router: 4.1.6_vue@3.2.47
      vuepress: 2.0.0-beta.61_zcwlgd45apez724duilctoxt4u
      vuepress-plugin-sass-palette: 2.0.0-beta.190_44bug2q4gvgfsg4b36ccgweufe
      vuepress-shared: 2.0.0-beta.190_44bug2q4gvgfsg4b36ccgweufe
    transitivePeerDependencies:
      - '@vue/composition-api'
      - supports-color
    dev: true

  /vuepress-plugin-components/2.0.0-beta.190_44bug2q4gvgfsg4b36ccgweufe:
    resolution: {integrity: sha512-XR0Ik8JYqN0ulAjWq4YIAiMH+fPMhuKTuomf65FdScvl5irWb+sJrmeHhJQdfG+K+3i/409s3cETLkZRHqsDxg==}
    engines: {node: ^14.18.0 || >=16.0.0, npm: '>=8', pnpm: '>=7'}
    peerDependencies:
      '@vuepress/client': 2.0.0-beta.61
      dashjs: 4.6.0
      hls.js: 1.3.4
      mpegts.js: 1.7.2
      plyr: 3.7.3
      qrcode: 1.5.1
      vue: 3.2.47
      vue-router: 4.1.6_vue@3.2.47
      vuepress: 2.0.0-beta.61_zcwlgd45apez724duilctoxt4u
      vuepress-plugin-reading-time2: 2.0.0-beta.190_44bug2q4gvgfsg4b36ccgweufe
      vuepress-plugin-sass-palette: 2.0.0-beta.190_44bug2q4gvgfsg4b36ccgweufe
      vuepress-shared: 2.0.0-beta.190_44bug2q4gvgfsg4b36ccgweufe
    transitivePeerDependencies:
      - '@vue/composition-api'
      - supports-color
    dev: true

  /vuepress-plugin-copy-code2/2.0.0-beta.190_44bug2q4gvgfsg4b36ccgweufe:
    resolution: {integrity: sha512-V0MqioeGvc8X4YJiyg5DkehpHXXwe5SZIIuEPQENxKxPAq+YCdkBsKO3ImaRrfag8Ee3Pvzjcvpvqyc7BkTGEA==}
    engines: {node: ^14.18.0 || >=16.0.0, npm: '>=8', pnpm: '>=7'}
    peerDependencies:
      '@vuepress/client': 2.0.0-beta.61
      vue: 3.2.47
      vue-router: 4.1.6_vue@3.2.47
      vuepress: 2.0.0-beta.61_zcwlgd45apez724duilctoxt4u
      vuepress-plugin-sass-palette: 2.0.0-beta.190_44bug2q4gvgfsg4b36ccgweufe
      vuepress-shared: 2.0.0-beta.190_44bug2q4gvgfsg4b36ccgweufe
    transitivePeerDependencies:
      - '@vue/composition-api'
      - supports-color
    dev: true

  /vuepress-plugin-copyright2/2.0.0-beta.190_44bug2q4gvgfsg4b36ccgweufe:
    resolution: {integrity: sha512-1lCWeybFGgJz6w52+6SxOrXvCP6NoMRhYQPZQ6YkR9QMcd8Jt9gLHH/njmbpdMrrOuhOnD4/Nnny6ZdDBG5JVw==}
    engines: {node: ^14.18.0 || >=16.0.0, npm: '>=8', pnpm: '>=7'}
    peerDependencies:
      '@vuepress/client': 2.0.0-beta.61
      vue: 3.2.47
      vue-router: 4.1.6_vue@3.2.47
      vuepress: 2.0.0-beta.61_zcwlgd45apez724duilctoxt4u
      vuepress-shared: 2.0.0-beta.190_44bug2q4gvgfsg4b36ccgweufe
    transitivePeerDependencies:
      - '@vue/composition-api'
      - supports-color
    dev: true

  /vuepress-plugin-feed2/2.0.0-beta.190_44bug2q4gvgfsg4b36ccgweufe:
    resolution: {integrity: sha512-EjKl6jzmCKc7VS73DfInHD4FFd7GnP9015qlGvA5+mR7KciVjvssFcn74/a7rXxXybRuOuzqxgniyKjB6PxUGw==}
    engines: {node: ^14.18.0 || >=16.0.0, npm: '>=8', pnpm: '>=7'}
    peerDependencies:
      vuepress: 2.0.0-beta.61
      '@vuepress/utils': 2.0.0-beta.61
      cheerio: 1.0.0-rc.12
      vuepress: 2.0.0-beta.61_zcwlgd45apez724duilctoxt4u
      vuepress-shared: 2.0.0-beta.190_44bug2q4gvgfsg4b36ccgweufe
      xml-js: 1.6.11
    transitivePeerDependencies:
      - '@vue/composition-api'
      - supports-color
    dev: true

  /vuepress-plugin-md-enhance/2.0.0-beta.190_44bug2q4gvgfsg4b36ccgweufe:
    resolution: {integrity: sha512-Lgpmn2DepefN58UZbCx9TQyG1CI3tElXoN8FbsNrAmQ8GTr9KdQSts6S//1DbMDozm/lbBdbgqjf6nQUJ/iAmQ==}
    engines: {node: ^14.18.0 || >=16.0.0, npm: '>=8', pnpm: '>=7'}
    peerDependencies:
      '@vuepress/client': 2.0.0-beta.61
      vue: 3.2.47
      vue-router: 4.1.6_vue@3.2.47
      vuepress: 2.0.0-beta.61_zcwlgd45apez724duilctoxt4u
      vuepress-plugin-sass-palette: 2.0.0-beta.190_44bug2q4gvgfsg4b36ccgweufe
      vuepress-shared: 2.0.0-beta.190_44bug2q4gvgfsg4b36ccgweufe
    transitivePeerDependencies:
      - '@vue/composition-api'
      - supports-color
    dev: true

  /vuepress-plugin-photo-swipe/2.0.0-beta.190_44bug2q4gvgfsg4b36ccgweufe:
    resolution: {integrity: sha512-n4TZPA6aXrgH7jB5OKSWLk0AXvrFAl/Hq1/oenAXtx+PNLZZ+HMbnlFChR4GwII81wXeTm6JQMEeaB5HwKG5NA==}
    engines: {node: ^14.18.0 || >=16.0.0, npm: '>=8', pnpm: '>=7'}
    peerDependencies:
      '@vuepress/client': 2.0.0-beta.61
      vue: 3.2.47
      vue-router: 4.1.6_vue@3.2.47
      vuepress: 2.0.0-beta.61_zcwlgd45apez724duilctoxt4u
      vuepress-plugin-sass-palette: 2.0.0-beta.190_44bug2q4gvgfsg4b36ccgweufe
      vuepress-shared: 2.0.0-beta.190_44bug2q4gvgfsg4b36ccgweufe
    transitivePeerDependencies:
      - '@vue/composition-api'
      - supports-color
    dev: true

  /vuepress-plugin-pwa2/2.0.0-beta.190_44bug2q4gvgfsg4b36ccgweufe:
    resolution: {integrity: sha512-B/QkGtnL/QQqbd0EyW+Aju4xbXFc/hjot+VR9n7BXUE6YqtEVeK5O9108p4QtKOGo9tTpXG4pjbDPbZaBvq8pQ==}
    engines: {node: ^14.18.0 || >=16.0.0, npm: '>=8', pnpm: '>=7'}
    peerDependencies:
      '@vuepress/client': 2.0.0-beta.61
      vue: 3.2.47
      vue-router: 4.1.6_vue@3.2.47
      vuepress: 2.0.0-beta.61_zcwlgd45apez724duilctoxt4u
      vuepress-plugin-sass-palette: 2.0.0-beta.190_44bug2q4gvgfsg4b36ccgweufe
      vuepress-shared: 2.0.0-beta.190_44bug2q4gvgfsg4b36ccgweufe
      workbox-build: 6.5.4
    transitivePeerDependencies:
      - '@types/babel__core'
      - supports-color
    dev: true

  /vuepress-plugin-reading-time2/2.0.0-beta.190_44bug2q4gvgfsg4b36ccgweufe:
    resolution: {integrity: sha512-6EHvbYqoNtn5Pw5+IprSeoVPcrFcWc/K9zkAxHd9MalsEigzI6lDL3o0UKwJXUHo7+rxLWVXi62EC33nvoPahw==}
    engines: {node: ^14.18.0 || >=16.0.0, npm: '>=8', pnpm: '>=7'}
    peerDependencies:
      vuepress: 2.0.0-beta.61
        optional: true
    dependencies:
      vuepress: 2.0.0-beta.61_zcwlgd45apez724duilctoxt4u
      vuepress-shared: 2.0.0-beta.190_44bug2q4gvgfsg4b36ccgweufe
    transitivePeerDependencies:
      - '@vue/composition-api'
      - '@vuepress/client'
      - supports-color
    dev: true

  /vuepress-plugin-redirect/2.0.0-beta.190_44bug2q4gvgfsg4b36ccgweufe:
    resolution: {integrity: sha512-cd3JJ/uc2fROsMv4X9M2z12dhBWcoe3j1PJjbf+cQ7VFO+RDDOrBKuu7r95eh3Kqnzbcago3Ai4EPo3tBEfdTQ==}
    engines: {node: ^14.18.0 || >=16.0.0, npm: '>=8', pnpm: '>=7'}
    hasBin: true
    peerDependencies:
      '@vuepress/utils': 2.0.0-beta.61
      cac: 6.7.14
      vuepress: 2.0.0-beta.61_zcwlgd45apez724duilctoxt4u
      vuepress-shared: 2.0.0-beta.190_44bug2q4gvgfsg4b36ccgweufe
    transitivePeerDependencies:
      - '@vue/composition-api'
      - '@vuepress/client'
      - supports-color
    dev: true

  /vuepress-plugin-rtl/2.0.0-beta.190_vuepress@2.0.0-beta.61:
    resolution: {integrity: sha512-Zqg9cpyP+xXu5YPFVwjef2DgHwcNd2mD6MoG4PM/UXp2lS9haVOfV9ZR8oBdy7NkQC2PcvYR1jEoeoXz0U7+VQ==}
    engines: {node: ^14.18.0 || >=16.0.0, npm: '>=8', pnpm: '>=7'}
    peerDependencies:
      vuepress: 2.0.0-beta.61
      '@vuepress/utils': 2.0.0-beta.61
      vue: 3.2.47
      vuepress: 2.0.0-beta.61_zcwlgd45apez724duilctoxt4u
      vuepress-shared: 2.0.0-beta.190_44bug2q4gvgfsg4b36ccgweufe
    transitivePeerDependencies:
      - '@vue/composition-api'
      - supports-color
    dev: true

  /vuepress-plugin-sass-palette/2.0.0-beta.190_44bug2q4gvgfsg4b36ccgweufe:
    resolution: {integrity: sha512-+2S2YSllSrHDpaAozcpdVPeDIXyJFAjWLF4SK3U3GkpQ08WePifpEeq7LsgW8vexl4rI0UkKjeWmhKfDaaXnBQ==}
    engines: {node: ^14.18.0 || >=16.0.0, npm: '>=8', pnpm: '>=7'}
    peerDependencies:
      sass-loader: ^13.2.0
      '@vuepress/shared': 2.0.0-beta.61
      '@vuepress/utils': 2.0.0-beta.61
      chokidar: 3.5.3
      sass: 1.58.3
      vuepress: 2.0.0-beta.61_zcwlgd45apez724duilctoxt4u
      vuepress-shared: 2.0.0-beta.190_44bug2q4gvgfsg4b36ccgweufe
    transitivePeerDependencies:
      - '@vue/composition-api'
      - '@vuepress/client'
      - supports-color
    dev: true

  /vuepress-plugin-search-pro/2.0.0-beta.190_44bug2q4gvgfsg4b36ccgweufe:
    resolution: {integrity: sha512-0E14+GvTMxBZ6tYCbG1wInKEXsM2u2vRA4zRYV7xJFYGJ6wJ4aXaO3MeauUFgFlR1KYwjvaPM61vdRKLAKMWtg==}
    engines: {node: ^14.18.0 || >=16.0.0, npm: '>=8', pnpm: '>=7'}
    peerDependencies:
      '@vuepress/client': 2.0.0-beta.61
      vue: 3.2.47
      vue-router: 4.1.6_vue@3.2.47
      vuepress: 2.0.0-beta.61_zcwlgd45apez724duilctoxt4u
      vuepress-plugin-sass-palette: 2.0.0-beta.190_44bug2q4gvgfsg4b36ccgweufe
      vuepress-shared: 2.0.0-beta.190_44bug2q4gvgfsg4b36ccgweufe
    transitivePeerDependencies:
      - '@vue/composition-api'
      - supports-color
    dev: true

  /vuepress-plugin-seo2/2.0.0-beta.190_44bug2q4gvgfsg4b36ccgweufe:
    resolution: {integrity: sha512-jSuHq7/qczwodHNEQ6U7WJw3jzzEPHQ6xd5ga/oj9Zy8u5j7vxaN2iqnM4/f3xh5YOktPAxo1PKqORyEsRADwg==}
    engines: {node: ^14.18.0 || >=16.0.0, npm: '>=8', pnpm: '>=7'}
    peerDependencies:
      vuepress: 2.0.0-beta.61
      '@vuepress/shared': 2.0.0-beta.61
      '@vuepress/utils': 2.0.0-beta.61
      vuepress: 2.0.0-beta.61_zcwlgd45apez724duilctoxt4u
      vuepress-shared: 2.0.0-beta.190_44bug2q4gvgfsg4b36ccgweufe
    transitivePeerDependencies:
      - '@vue/composition-api'
      - '@vuepress/client'
      - supports-color
    dev: true

  /vuepress-plugin-sitemap2/2.0.0-beta.190_44bug2q4gvgfsg4b36ccgweufe:
    resolution: {integrity: sha512-QEqC+Cht//I/6VMWxr8Otc3/thZEcI+Uq/shBPC8e9Od8zItfUeMi6vMqKql7St+Dh2sCfPQ2ztWcfm1sXdqYQ==}
    engines: {node: ^14.18.0 || >=16.0.0, npm: '>=8', pnpm: '>=7'}
    peerDependencies:
      vuepress: 2.0.0-beta.61
      '@vuepress/utils': 2.0.0-beta.61
      sitemap: 7.1.1
      vuepress: 2.0.0-beta.61_zcwlgd45apez724duilctoxt4u
      vuepress-shared: 2.0.0-beta.190_44bug2q4gvgfsg4b36ccgweufe
    transitivePeerDependencies:
      - '@vue/composition-api'
      - '@vuepress/client'
      - supports-color
    dev: true

  /vuepress-shared/2.0.0-beta.190_44bug2q4gvgfsg4b36ccgweufe:
    resolution: {integrity: sha512-dejgTJzyW9VthFLxBI+6i1eMZgsYWvb71ZxXElxmloFqI8Y3FjhUEpJfPm1hiQ4FNHb4f7iE/XWgd2BUFtT1pw==}
    engines: {node: ^14.18.0 || >=16.0.0, npm: '>=8', pnpm: '>=7'}
    peerDependencies:
      '@vuepress/client': 2.0.0-beta.61
      - supports-color
    dev: true

  /vuepress-theme-hope/2.0.0-beta.190_44bug2q4gvgfsg4b36ccgweufe:
    resolution: {integrity: sha512-2pxnU6nc+fGruVJ4OBDvyVUn6wFoMLxJXseZjftkL9vg7IF+YQDzlPrK67e10mk/SvW/++U4nIt7FriaQoH47w==}
    engines: {node: ^14.18.0 || >=16.0.0, npm: '>=8', pnpm: '>=7'}
    peerDependencies:
      '@vuepress/client': 2.0.0-beta.61
      vue: 3.2.47
      vue-router: 4.1.6_vue@3.2.47
      vuepress: 2.0.0-beta.61_zcwlgd45apez724duilctoxt4u
      vuepress-plugin-auto-catalog: 2.0.0-beta.190_44bug2q4gvgfsg4b36ccgweufe
      vuepress-plugin-blog2: 2.0.0-beta.190_44bug2q4gvgfsg4b36ccgweufe
      vuepress-plugin-comment2: 2.0.0-beta.190_44bug2q4gvgfsg4b36ccgweufe
      vuepress-plugin-components: 2.0.0-beta.190_44bug2q4gvgfsg4b36ccgweufe
      vuepress-plugin-copy-code2: 2.0.0-beta.190_44bug2q4gvgfsg4b36ccgweufe
      vuepress-plugin-copyright2: 2.0.0-beta.190_44bug2q4gvgfsg4b36ccgweufe
      vuepress-plugin-feed2: 2.0.0-beta.190_44bug2q4gvgfsg4b36ccgweufe
      vuepress-plugin-md-enhance: 2.0.0-beta.190_44bug2q4gvgfsg4b36ccgweufe
      vuepress-plugin-photo-swipe: 2.0.0-beta.190_44bug2q4gvgfsg4b36ccgweufe
      vuepress-plugin-pwa2: 2.0.0-beta.190_44bug2q4gvgfsg4b36ccgweufe
      vuepress-plugin-reading-time2: 2.0.0-beta.190_44bug2q4gvgfsg4b36ccgweufe
      vuepress-plugin-rtl: 2.0.0-beta.190_vuepress@2.0.0-beta.61
      vuepress-plugin-sass-palette: 2.0.0-beta.190_44bug2q4gvgfsg4b36ccgweufe
      vuepress-plugin-seo2: 2.0.0-beta.190_44bug2q4gvgfsg4b36ccgweufe
      vuepress-plugin-sitemap2: 2.0.0-beta.190_44bug2q4gvgfsg4b36ccgweufe
      vuepress-shared: 2.0.0-beta.190_44bug2q4gvgfsg4b36ccgweufe
    transitivePeerDependencies:
      - '@types/babel__core'
      - '@vue/composition-api'